
Microsoft Visual Studio Solution File, Format Version 12.00
# Visual Studio 15
VisualStudioVersion = 15.0.27130.2010
MinimumVisualStudioVersion = 10.0.40219.1
Project("{FAE04EC0-301F-11D3-BF4B-00C04F79EFBC}") = "TicTacToe", "TicTacToe\TicTacToe.csproj", "{A05EFE4B-C27D-4DDA-8AD7-DB17D8D9FCCB}"
EndProject
Global
	GlobalSection(SolutionConfigurationPlatforms) = preSolution
		Debug|Any CPU = Debug|Any CPU
		Release|Any CPU = Release|Any CPU
	EndGlobalSection
	GlobalSection(ProjectConfigurationPlatforms) = postSolution
		{A05EFE4B-C27D-4DDA-8AD7-DB17D8D9FCCB}.Debug|Any CPU.ActiveCfg = Debug|Any CPU
		{A05EFE4B-C27D-4DDA-8AD7-DB17D8D9FCCB}.Debug|Any CPU.Build.0 = Debug|Any CPU
		{A05EFE4B-C27D-4DDA-8AD7-DB17D8D9FCCB}.Release|Any CPU.ActiveCfg = Release|Any CPU
		{A05EFE4B-C27D-4DDA-8AD7-DB17D8D9FCCB}.Release|Any CPU.Build.0 = Release|Any CPU
	EndGlobalSection
	GlobalSection(SolutionProperties) = preSolution
		HideSolutionNode = FALSE
	EndGlobalSection
	GlobalSection(ExtensibilityGlobals) = postSolution
		SolutionGuid = {C0B7DD2A-229E-4F9C-B4CF-083EA0D53450}
	EndGlobalSection
EndGlobal
